// !$*UTF8*$!
{
	archiveVersion = 1;
	classes = {
	};
	objectVersion = 50;
	objects = {

/* Begin PBXBuildFile section */
		4170CA84C3564BFB54BD6837 /* Pods_hungry_wormy_iOS.framework in Frameworks */ = {isa = PBXBuildFile; fileRef = 8DCB21BB60AB9F2081590C86 /* Pods_hungry_wormy_iOS.framework */; };
		A902D6D8218D9C3300698AD4 /* SpinnerNode.sks in Resources */ = {isa = PBXBuildFile; fileRef = A902D6D7218D9C3300698AD4 /* SpinnerNode.sks */; };
		A902D6D9218D9C3300698AD4 /* SpinnerNode.sks in Resources */ = {isa = PBXBuildFile; fileRef = A902D6D7218D9C3300698AD4 /* SpinnerNode.sks */; };
		A902D6DF218DB7F100698AD4 /* PhysicsTypes.swift in Sources */ = {isa = PBXBuildFile; fileRef = A902D6DE218DB7F100698AD4 /* PhysicsTypes.swift */; };
		A902D6E0218DB7F100698AD4 /* PhysicsTypes.swift in Sources */ = {isa = PBXBuildFile; fileRef = A902D6DE218DB7F100698AD4 /* PhysicsTypes.swift */; };
		A902D6E2218ED52F00698AD4 /* Level-03-16x16.sks in Resources */ = {isa = PBXBuildFile; fileRef = A902D6E1218ED52F00698AD4 /* Level-03-16x16.sks */; };
		A902D6E3218ED52F00698AD4 /* Level-03-16x16.sks in Resources */ = {isa = PBXBuildFile; fileRef = A902D6E1218ED52F00698AD4 /* Level-03-16x16.sks */; };
		A902D6E5218EFC0B00698AD4 /* SpinnerNode.swift in Sources */ = {isa = PBXBuildFile; fileRef = A902D6E4218EFC0B00698AD4 /* SpinnerNode.swift */; };
		A902D6E6218EFC0B00698AD4 /* SpinnerNode.swift in Sources */ = {isa = PBXBuildFile; fileRef = A902D6E4218EFC0B00698AD4 /* SpinnerNode.swift */; };
		A910EA7A219AB4DB007AD105 /* MainMenuScene-macOS.sks in Resources */ = {isa = PBXBuildFile; fileRef = A910EA79219AB4DB007AD105 /* MainMenuScene-macOS.sks */; };
		A910EA7D219AC65B007AD105 /* HUD.sks in Resources */ = {isa = PBXBuildFile; fileRef = A910EA7C219AC65B007AD105 /* HUD.sks */; };
		A910EA7E219AC65B007AD105 /* HUD.sks in Resources */ = {isa = PBXBuildFile; fileRef = A910EA7C219AC65B007AD105 /* HUD.sks */; };
		A910EA83219AC830007AD105 /* ResultsMenuScene-iOS.sks in Resources */ = {isa = PBXBuildFile; fileRef = A910EA82219AC830007AD105 /* ResultsMenuScene-iOS.sks */; };
		A910EA87219ACEBC007AD105 /* StarNode.sks in Resources */ = {isa = PBXBuildFile; fileRef = A910EA86219ACEBC007AD105 /* StarNode.sks */; };
		A910EA88219ACEBC007AD105 /* StarNode.sks in Resources */ = {isa = PBXBuildFile; fileRef = A910EA86219ACEBC007AD105 /* StarNode.sks */; };
		A910EA8A219ACEE1007AD105 /* HighlightedStarNode.sks in Resources */ = {isa = PBXBuildFile; fileRef = A910EA89219ACEE1007AD105 /* HighlightedStarNode.sks */; };
		A910EA8B219ACEE1007AD105 /* HighlightedStarNode.sks in Resources */ = {isa = PBXBuildFile; fileRef = A910EA89219ACEE1007AD105 /* HighlightedStarNode.sks */; };
		A910EA91219ACF5E007AD105 /* StarNode.swift in Sources */ = {isa = PBXBuildFile; fileRef = A910EA90219ACF5E007AD105 /* StarNode.swift */; };
		A910EA92219ACF5E007AD105 /* StarNode.swift in Sources */ = {isa = PBXBuildFile; fileRef = A910EA90219ACF5E007AD105 /* StarNode.swift */; };
		A916BE5821999A2C005B803C /* TimeBombNode.swift in Sources */ = {isa = PBXBuildFile; fileRef = A916BE5721999A2C005B803C /* TimeBombNode.swift */; };
		A916BE5921999A31005B803C /* TimeBombNode.swift in Sources */ = {isa = PBXBuildFile; fileRef = A916BE5721999A2C005B803C /* TimeBombNode.swift */; };
		A916BE5B21999A43005B803C /* TimeBombNode.sks in Resources */ = {isa = PBXBuildFile; fileRef = A916BE5A21999A43005B803C /* TimeBombNode.sks */; };
		A916BE5C21999A43005B803C /* TimeBombNode.sks in Resources */ = {isa = PBXBuildFile; fileRef = A916BE5A21999A43005B803C /* TimeBombNode.sks */; };
		A916BE5E2199AAC7005B803C /* TimeBombGenerator.swift in Sources */ = {isa = PBXBuildFile; fileRef = A916BE5D2199AAC7005B803C /* TimeBombGenerator.swift */; };
		A916BE5F2199AAC7005B803C /* TimeBombGenerator.swift in Sources */ = {isa = PBXBuildFile; fileRef = A916BE5D2199AAC7005B803C /* TimeBombGenerator.swift */; };
		A916BE642199DFE9005B803C /* Level-04-16x16.sks in Resources */ = {isa = PBXBuildFile; fileRef = A916BE632199DFE9005B803C /* Level-04-16x16.sks */; };
		A916BE652199DFE9005B803C /* Level-04-16x16.sks in Resources */ = {isa = PBXBuildFile; fileRef = A916BE632199DFE9005B803C /* Level-04-16x16.sks */; };
		A91920FA219DAA08008CAEAA /* Level-05-16x16.sks in Resources */ = {isa = PBXBuildFile; fileRef = A91920F9219DAA08008CAEAA /* Level-05-16x16.sks */; };
		A91920FB219DAA08008CAEAA /* Level-05-16x16.sks in Resources */ = {isa = PBXBuildFile; fileRef = A91920F9219DAA08008CAEAA /* Level-05-16x16.sks */; };
		A928AD1E218CA04A00D79D11 /* PhysicsContactController.swift in Sources */ = {isa = PBXBuildFile; fileRef = A928AD1D218CA04A00D79D11 /* PhysicsContactController.swift */; };
		A928AD1F218CA04A00D79D11 /* PhysicsContactController.swift in Sources */ = {isa = PBXBuildFile; fileRef = A928AD1D218CA04A00D79D11 /* PhysicsContactController.swift */; };
		A928AD21218CA89A00D79D11 /* Level-02-16x16.sks in Resources */ = {isa = PBXBuildFile; fileRef = A928AD20218CA89A00D79D11 /* Level-02-16x16.sks */; };
		A928AD22218CA89A00D79D11 /* Level-02-16x16.sks in Resources */ = {isa = PBXBuildFile; fileRef = A928AD20218CA89A00D79D11 /* Level-02-16x16.sks */; };
		A928AD24218CAB6700D79D11 /* Level-01-16x16.sks in Resources */ = {isa = PBXBuildFile; fileRef = A928AD23218CAB6700D79D11 /* Level-01-16x16.sks */; };
		A928AD25218CAB6700D79D11 /* Level-01-16x16.sks in Resources */ = {isa = PBXBuildFile; fileRef = A928AD23218CAB6700D79D11 /* Level-01-16x16.sks */; };
		A9498F9021B9789F00D498ED /* Restarable.swift in Sources */ = {isa = PBXBuildFile; fileRef = A9498F8F21B9789F00D498ED /* Restarable.swift */; };
		A9498F9121B978A200D498ED /* Restarable.swift in Sources */ = {isa = PBXBuildFile; fileRef = A9498F8F21B9789F00D498ED /* Restarable.swift */; };
		A94A97FD21A28CAD0087C018 /* RoutingUtilityScene.swift in Sources */ = {isa = PBXBuildFile; fileRef = A94A97FC21A28CAD0087C018 /* RoutingUtilityScene.swift */; };
		A94A97FE21A28CAD0087C018 /* RoutingUtilityScene.swift in Sources */ = {isa = PBXBuildFile; fileRef = A94A97FC21A28CAD0087C018 /* RoutingUtilityScene.swift */; };
		A94A980021A28CE90087C018 /* Scenes.swift in Sources */ = {isa = PBXBuildFile; fileRef = A94A97FF21A28CE90087C018 /* Scenes.swift */; };
		A94A980121A28CE90087C018 /* Scenes.swift in Sources */ = {isa = PBXBuildFile; fileRef = A94A97FF21A28CE90087C018 /* Scenes.swift */; };
		A94A980321A28F1A0087C018 /* ButtonNodeResponderType.swift in Sources */ = {isa = PBXBuildFile; fileRef = A94A980221A28F1A0087C018 /* ButtonNodeResponderType.swift */; };
		A94A980421A28F1A0087C018 /* ButtonNodeResponderType.swift in Sources */ = {isa = PBXBuildFile; fileRef = A94A980221A28F1A0087C018 /* ButtonNodeResponderType.swift */; };
		A94A980721A28F670087C018 /* ButtonNode.swift in Sources */ = {isa = PBXBuildFile; fileRef = A94A980621A28F670087C018 /* ButtonNode.swift */; };
		A94A980821A28F670087C018 /* ButtonNode.swift in Sources */ = {isa = PBXBuildFile; fileRef = A94A980621A28F670087C018 /* ButtonNode.swift */; };
		A968F55D2181936000E28ED9 /* TileSet.sks in Resources */ = {isa = PBXBuildFile; fileRef = A968F55B2181936000E28ED9 /* TileSet.sks */; };
		A968F55E2181936000E28ED9 /* TileSet.sks in Resources */ = {isa = PBXBuildFile; fileRef = A968F55B2181936000E28ED9 /* TileSet.sks */; };
		A968F56221819A0B00E28ED9 /* TileLevel.swift in Sources */ = {isa = PBXBuildFile; fileRef = A968F56121819A0B00E28ED9 /* TileLevel.swift */; };
		A968F56321819A0B00E28ED9 /* TileLevel.swift in Sources */ = {isa = PBXBuildFile; fileRef = A968F56121819A0B00E28ED9 /* TileLevel.swift */; };
		A968F5662181B32F00E28ED9 /* WormNode.swift in Sources */ = {isa = PBXBuildFile; fileRef = A968F5652181B32F00E28ED9 /* WormNode.swift */; };
		A968F5672181B32F00E28ED9 /* WormNode.swift in Sources */ = {isa = PBXBuildFile; fileRef = A968F5652181B32F00E28ED9 /* WormNode.swift */; };
		A983E8C421BD62810076BB08 /* DeathMenuScene-iOS.sks in Resources */ = {isa = PBXBuildFile; fileRef = A983E8C321BD62810076BB08 /* DeathMenuScene-iOS.sks */; };
		A983E8C621BD62A20076BB08 /* DeathMenuScene-macOS.sks in Resources */ = {isa = PBXBuildFile; fileRef = A983E8C521BD62A20076BB08 /* DeathMenuScene-macOS.sks */; };
		A98C44E6218756DC00E74C4E /* Assets.xcassets in Resources */ = {isa = PBXBuildFile; fileRef = A98C44E5218756DC00E74C4E /* Assets.xcassets */; };
		A98C44E7218756DC00E74C4E /* Assets.xcassets in Resources */ = {isa = PBXBuildFile; fileRef = A98C44E5218756DC00E74C4E /* Assets.xcassets */; };
		A98FA47821BE568E00235747 /* OverlayType.swift in Sources */ = {isa = PBXBuildFile; fileRef = A98FA47721BE568E00235747 /* OverlayType.swift */; };
		A98FA47921BE568E00235747 /* OverlayType.swift in Sources */ = {isa = PBXBuildFile; fileRef = A98FA47721BE568E00235747 /* OverlayType.swift */; };
		A9923842218F6395008FD796 /* MainMenuScene-iOS.sks in Resources */ = {isa = PBXBuildFile; fileRef = A9923841218F6395008FD796 /* MainMenuScene-iOS.sks */; };
		A9923847218F6420008FD796 /* MainMenuScene.swift in Sources */ = {isa = PBXBuildFile; fileRef = A9923846218F6420008FD796 /* MainMenuScene.swift */; };
		A9923848218F6420008FD796 /* MainMenuScene.swift in Sources */ = {isa = PBXBuildFile; fileRef = A9923846218F6420008FD796 /* MainMenuScene.swift */; };
		A9A33ADE21845FD3003AC9A7 /* SpawnController.swift in Sources */ = {isa = PBXBuildFile; fileRef = A9A33ADD21845FD3003AC9A7 /* SpawnController.swift */; };
		A9A33ADF21845FD3003AC9A7 /* SpawnController.swift in Sources */ = {isa = PBXBuildFile; fileRef = A9A33ADD21845FD3003AC9A7 /* SpawnController.swift */; };
		A9BBF47121B5207B00D152A3 /* SceneOverlay.swift in Sources */ = {isa = PBXBuildFile; fileRef = A9BBF47021B5207B00D152A3 /* SceneOverlay.swift */; };
		A9BBF47221B5207E00D152A3 /* SceneOverlay.swift in Sources */ = {isa = PBXBuildFile; fileRef = A9BBF47021B5207B00D152A3 /* SceneOverlay.swift */; };
		A9BBF47521B54ABD00D152A3 /* PauseMenuScene-macOS.sks in Resources */ = {isa = PBXBuildFile; fileRef = A9BBF47321B54AB600D152A3 /* PauseMenuScene-macOS.sks */; };
		A9BBF47721B54AC700D152A3 /* PauseMenuScene-iOS.sks in Resources */ = {isa = PBXBuildFile; fileRef = A9BBF47621B54AC700D152A3 /* PauseMenuScene-iOS.sks */; };
		A9BBF47A21B6748A00D152A3 /* PauseTogglable.swift in Sources */ = {isa = PBXBuildFile; fileRef = A9BBF47921B6748A00D152A3 /* PauseTogglable.swift */; };
		A9BBF47D21B674EB00D152A3 /* PauseTogglable.swift in Sources */ = {isa = PBXBuildFile; fileRef = A9BBF47921B6748A00D152A3 /* PauseTogglable.swift */; };
		A9BBF47F21B6750000D152A3 /* GameScene+iOS.swift in Sources */ = {isa = PBXBuildFile; fileRef = A9BBF47E21B6750000D152A3 /* GameScene+iOS.swift */; };
		A9BBF48221B6752500D152A3 /* GameScene+macOS.swift in Sources */ = {isa = PBXBuildFile; fileRef = A9BBF47B21B674D100D152A3 /* GameScene+macOS.swift */; };
		A9BBF48321B6759300D152A3 /* GameScene.swift in Sources */ = {isa = PBXBuildFile; fileRef = A9DD686B2180A6EB009866CB /* GameScene.swift */; };
		A9BBF48A21B6789600D152A3 /* ResultsMenuScene-macOS.sks in Resources */ = {isa = PBXBuildFile; fileRef = A9BBF48921B6789600D152A3 /* ResultsMenuScene-macOS.sks */; };
		A9BBF48C21B6795400D152A3 /* ButtonIdentifier.swift in Sources */ = {isa = PBXBuildFile; fileRef = A9BBF48B21B6795400D152A3 /* ButtonIdentifier.swift */; };
		A9BBF48D21B6795400D152A3 /* ButtonIdentifier.swift in Sources */ = {isa = PBXBuildFile; fileRef = A9BBF48B21B6795400D152A3 /* ButtonIdentifier.swift */; };
		A9BBF49021B6796B00D152A3 /* ControlInputDirection.swift in Sources */ = {isa = PBXBuildFile; fileRef = A9BBF48F21B6796B00D152A3 /* ControlInputDirection.swift */; };
		A9BBF49121B6796B00D152A3 /* ControlInputDirection.swift in Sources */ = {isa = PBXBuildFile; fileRef = A9BBF48F21B6796B00D152A3 /* ControlInputDirection.swift */; };
		A9DD68752180A6ED009866CB /* AppDelegate.swift in Sources */ = {isa = PBXBuildFile; fileRef = A9DD68742180A6ED009866CB /* AppDelegate.swift */; };
		A9DD68772180A6ED009866CB /* GameViewController.swift in Sources */ = {isa = PBXBuildFile; fileRef = A9DD68762180A6ED009866CB /* GameViewController.swift */; };
		A9DD687A2180A6ED009866CB /* Main.storyboard in Resources */ = {isa = PBXBuildFile; fileRef = A9DD68782180A6ED009866CB /* Main.storyboard */; };
		A9DD687D2180A6ED009866CB /* LaunchScreen.storyboard in Resources */ = {isa = PBXBuildFile; fileRef = A9DD687B2180A6ED009866CB /* LaunchScreen.storyboard */; };
		A9DD68862180A6ED009866CB /* AppDelegate.swift in Sources */ = {isa = PBXBuildFile; fileRef = A9DD68852180A6ED009866CB /* AppDelegate.swift */; };
		A9DD68882180A6ED009866CB /* GameViewController.swift in Sources */ = {isa = PBXBuildFile; fileRef = A9DD68872180A6ED009866CB /* GameViewController.swift */; };
		A9DD688B2180A6ED009866CB /* Main.storyboard in Resources */ = {isa = PBXBuildFile; fileRef = A9DD68892180A6ED009866CB /* Main.storyboard */; };
		A9DD688D2180A6ED009866CB /* Actions.sks in Resources */ = {isa = PBXBuildFile; fileRef = A9DD68692180A6EB009866CB /* Actions.sks */; };
		A9DD688E2180A6ED009866CB /* Actions.sks in Resources */ = {isa = PBXBuildFile; fileRef = A9DD68692180A6EB009866CB /* Actions.sks */; };
		A9DD68922180A6ED009866CB /* GameScene.swift in Sources */ = {isa = PBXBuildFile; fileRef = A9DD686B2180A6EB009866CB /* GameScene.swift */; };
		A9DD689E2180A71D009866CB /* .gitignore in Resources */ = {isa = PBXBuildFile; fileRef = A9DD689D2180A71D009866CB /* .gitignore */; };
		A9DD689F2180A71D009866CB /* .gitignore in Resources */ = {isa = PBXBuildFile; fileRef = A9DD689D2180A71D009866CB /* .gitignore */; };
		A9DD68A22180A74F009866CB /* Direction.swift in Sources */ = {isa = PBXBuildFile; fileRef = A9DD68A12180A74F009866CB /* Direction.swift */; };
		A9DD68A32180A74F009866CB /* Direction.swift in Sources */ = {isa = PBXBuildFile; fileRef = A9DD68A12180A74F009866CB /* Direction.swift */; };
		A9DD68B12180AEF8009866CB /* Extensions.swift in Sources */ = {isa = PBXBuildFile; fileRef = A9DD68B02180AEF8009866CB /* Extensions.swift */; };
		A9DD68B22180AEF8009866CB /* Extensions.swift in Sources */ = {isa = PBXBuildFile; fileRef = A9DD68B02180AEF8009866CB /* Extensions.swift */; };
		A9DE1DFA219F136400D83B84 /* Level-06-16x16.sks in Resources */ = {isa = PBXBuildFile; fileRef = A9DE1DF9219F136400D83B84 /* Level-06-16x16.sks */; };
		A9DE1DFB219F136400D83B84 /* Level-06-16x16.sks in Resources */ = {isa = PBXBuildFile; fileRef = A9DE1DF9219F136400D83B84 /* Level-06-16x16.sks */; };
		A9EED40D218339F600E48508 /* FoodNode.swift in Sources */ = {isa = PBXBuildFile; fileRef = A9EED40C218339F600E48508 /* FoodNode.swift */; };
		A9EED40E218339F600E48508 /* FoodNode.swift in Sources */ = {isa = PBXBuildFile; fileRef = A9EED40C218339F600E48508 /* FoodNode.swift */; };
		A9EED4132183418300E48508 /* WormNodeFactory.swift in Sources */ = {isa = PBXBuildFile; fileRef = A9EED4122183418300E48508 /* WormNodeFactory.swift */; };
		A9EED4142183418300E48508 /* WormNodeFactory.swift in Sources */ = {isa = PBXBuildFile; fileRef = A9EED4122183418300E48508 /* WormNodeFactory.swift */; };
		A9EED4162183419800E48508 /* WormIncreaseLevel.swift in Sources */ = {isa = PBXBuildFile; fileRef = A9EED4152183419800E48508 /* WormIncreaseLevel.swift */; };
		A9EED4172183419800E48508 /* WormIncreaseLevel.swift in Sources */ = {isa = PBXBuildFile; fileRef = A9EED4152183419800E48508 /* WormIncreaseLevel.swift */; };
		A9EED419218341A700E48508 /* WormPartNode.swift in Sources */ = {isa = PBXBuildFile; fileRef = A9EED418218341A700E48508 /* WormPartNode.swift */; };
		A9EED41A218341A700E48508 /* WormPartNode.swift in Sources */ = {isa = PBXBuildFile; fileRef = A9EED418218341A700E48508 /* WormPartNode.swift */; };
		A9EED41D218341BF00E48508 /* Updatable.swift in Sources */ = {isa = PBXBuildFile; fileRef = A9EED41C218341BF00E48508 /* Updatable.swift */; };
		A9EED41E218341BF00E48508 /* Updatable.swift in Sources */ = {isa = PBXBuildFile; fileRef = A9EED41C218341BF00E48508 /* Updatable.swift */; };
		A9EED420218341D200E48508 /* PhysicsContactDelegate.swift in Sources */ = {isa = PBXBuildFile; fileRef = A9EED41F218341D200E48508 /* PhysicsContactDelegate.swift */; };
		A9EED421218341D200E48508 /* PhysicsContactDelegate.swift in Sources */ = {isa = PBXBuildFile; fileRef = A9EED41F218341D200E48508 /* PhysicsContactDelegate.swift */; };
		A9EED4242183420600E48508 /* FruitGenerator.swift in Sources */ = {isa = PBXBuildFile; fileRef = A9EED4232183420600E48508 /* FruitGenerator.swift */; };
		A9EED4252183420600E48508 /* FruitGenerator.swift in Sources */ = {isa = PBXBuildFile; fileRef = A9EED4232183420600E48508 /* FruitGenerator.swift */; };
		A9EED4272183423700E48508 /* FoodType.swift in Sources */ = {isa = PBXBuildFile; fileRef = A9EED4262183423700E48508 /* FoodType.swift */; };
		A9EED4282183423700E48508 /* FoodType.swift in Sources */ = {isa = PBXBuildFile; fileRef = A9EED4262183423700E48508 /* FoodType.swift */; };
		F7A327B2CC122517634F5A16 /* Pods_hungry_wormy_macOS.framework in Frameworks */ = {isa = PBXBuildFile; fileRef = D7C6AB5C7B86320A7211FE59 /* Pods_hungry_wormy_macOS.framework */; };
/* End PBXBuildFile section */

/* Begin PBXFileReference section */
		25D686F777ED710E7C3FF4D1 /* Pods-hungry-wormy iOS.release.xcconfig */ = {isa = PBXFileReference; includeInIndex = 1; lastKnownFileType = text.xcconfig; name = "Pods-hungry-wormy iOS.release.xcconfig"; path = "Pods/Target Support Files/Pods-hungry-wormy iOS/Pods-hungry-wormy iOS.release.xcconfig"; sourceTree = "<group>"; };
		2BAF737C3B0E81328DF427EB /* Pods-hungry-wormy iOS.debug.xcconfig */ = {isa = PBXFileReference; includeInIndex = 1; lastKnownFileType = text.xcconfig; name = "Pods-hungry-wormy iOS.debug.xcconfig"; path = "Pods/Target Support Files/Pods-hungry-wormy iOS/Pods-hungry-wormy iOS.debug.xcconfig"; sourceTree = "<group>"; };
		76634EA3BCC813A5E2FB2057 /* Pods-hungry-wormy macOS.release.xcconfig */ = {isa = PBXFileReference; includeInIndex = 1; lastKnownFileType = text.xcconfig; name = "Pods-hungry-wormy macOS.release.xcconfig"; path = "Pods/Target Support Files/Pods-hungry-wormy macOS/Pods-hungry-wormy macOS.release.xcconfig"; sourceTree = "<group>"; };
		8DCB21BB60AB9F2081590C86 /* Pods_hungry_wormy_iOS.framework */ = {isa = PBXFileReference; explicitFileType = wrapper.framework; includeInIndex = 0; path = Pods_hungry_wormy_iOS.framework; sourceTree = BUILT_PRODUCTS_DIR; };
		A48F6C93519411CB3286610E /* Pods-hungry-wormy macOS.debug.xcconfig */ = {isa = PBXFileReference; includeInIndex = 1; lastKnownFileType = text.xcconfig; name = "Pods-hungry-wormy macOS.debug.xcconfig"; path = "Pods/Target Support Files/Pods-hungry-wormy macOS/Pods-hungry-wormy macOS.debug.xcconfig"; sourceTree = "<group>"; };
		A902D6D7218D9C3300698AD4 /* SpinnerNode.sks */ = {isa = PBXFileReference; lastKnownFileType = file.sks; path = SpinnerNode.sks; sourceTree = "<group>"; };
		A902D6DE218DB7F100698AD4 /* PhysicsTypes.swift */ = {isa = PBXFileReference; lastKnownFileType = sourcecode.swift; path = PhysicsTypes.swift; sourceTree = "<group>"; };
		A902D6E1218ED52F00698AD4 /* Level-03-16x16.sks */ = {isa = PBXFileReference; lastKnownFileType = file.sks; path = "Level-03-16x16.sks"; sourceTree = "<group>"; };
		A902D6E4218EFC0B00698AD4 /* SpinnerNode.swift */ = {isa = PBXFileReference; lastKnownFileType = sourcecode.swift; path = SpinnerNode.swift; sourceTree = "<group>"; };
		A910EA79219AB4DB007AD105 /* MainMenuScene-macOS.sks */ = {isa = PBXFileReference; lastKnownFileType = file.sks; path = "MainMenuScene-macOS.sks"; sourceTree = "<group>"; };
		A910EA7C219AC65B007AD105 /* HUD.sks */ = {isa = PBXFileReference; lastKnownFileType = file.sks; path = HUD.sks; sourceTree = "<group>"; };
		A910EA82219AC830007AD105 /* ResultsMenuScene-iOS.sks */ = {isa = PBXFileReference; lastKnownFileType = file.sks; path = "ResultsMenuScene-iOS.sks"; sourceTree = "<group>"; };
		A910EA86219ACEBC007AD105 /* StarNode.sks */ = {isa = PBXFileReference; lastKnownFileType = file.sks; path = StarNode.sks; sourceTree = "<group>"; };
		A910EA89219ACEE1007AD105 /* HighlightedStarNode.sks */ = {isa = PBXFileReference; lastKnownFileType = file.sks; path = HighlightedStarNode.sks; sourceTree = "<group>"; };
		A910EA90219ACF5E007AD105 /* StarNode.swift */ = {isa = PBXFileReference; lastKnownFileType = sourcecode.swift; path = StarNode.swift; sourceTree = "<group>"; };
		A916BE5721999A2C005B803C /* TimeBombNode.swift */ = {isa = PBXFileReference; lastKnownFileType = sourcecode.swift; path = TimeBombNode.swift; sourceTree = "<group>"; };
		A916BE5A21999A43005B803C /* TimeBombNode.sks */ = {isa = PBXFileReference; lastKnownFileType = file.sks; path = TimeBombNode.sks; sourceTree = "<group>"; };
		A916BE5D2199AAC7005B803C /* TimeBombGenerator.swift */ = {isa = PBXFileReference; lastKnownFileType = sourcecode.swift; path = TimeBombGenerator.swift; sourceTree = "<group>"; };
		A916BE632199DFE9005B803C /* Level-04-16x16.sks */ = {isa = PBXFileReference; lastKnownFileType = file.sks; path = "Level-04-16x16.sks"; sourceTree = "<group>"; };
		A91920F9219DAA08008CAEAA /* Level-05-16x16.sks */ = {isa = PBXFileReference; lastKnownFileType = file.sks; path = "Level-05-16x16.sks"; sourceTree = "<group>"; };
		A928AD1D218CA04A00D79D11 /* PhysicsContactController.swift */ = {isa = PBXFileReference; lastKnownFileType = sourcecode.swift; path = PhysicsContactController.swift; sourceTree = "<group>"; };
		A928AD20218CA89A00D79D11 /* Level-02-16x16.sks */ = {isa = PBXFileReference; lastKnownFileType = file.sks; path = "Level-02-16x16.sks"; sourceTree = "<group>"; };
		A928AD23218CAB6700D79D11 /* Level-01-16x16.sks */ = {isa = PBXFileReference; lastKnownFileType = file.sks; path = "Level-01-16x16.sks"; sourceTree = "<group>"; };
		A9498F8F21B9789F00D498ED /* Restarable.swift */ = {isa = PBXFileReference; lastKnownFileType = sourcecode.swift; path = Restarable.swift; sourceTree = "<group>"; };
		A94A97FC21A28CAD0087C018 /* RoutingUtilityScene.swift */ = {isa = PBXFileReference; lastKnownFileType = sourcecode.swift; path = RoutingUtilityScene.swift; sourceTree = "<group>"; };
		A94A97FF21A28CE90087C018 /* Scenes.swift */ = {isa = PBXFileReference; lastKnownFileType = sourcecode.swift; path = Scenes.swift; sourceTree = "<group>"; };
		A94A980221A28F1A0087C018 /* ButtonNodeResponderType.swift */ = {isa = PBXFileReference; lastKnownFileType = sourcecode.swift; path = ButtonNodeResponderType.swift; sourceTree = "<group>"; };
		A94A980621A28F670087C018 /* ButtonNode.swift */ = {isa = PBXFileReference; lastKnownFileType = sourcecode.swift; path = ButtonNode.swift; sourceTree = "<group>"; };
		A968F55B2181936000E28ED9 /* TileSet.sks */ = {isa = PBXFileReference; lastKnownFileType = file.sks; path = TileSet.sks; sourceTree = "<group>"; };
		A968F56121819A0B00E28ED9 /* TileLevel.swift */ = {isa = PBXFileReference; lastKnownFileType = sourcecode.swift; path = TileLevel.swift; sourceTree = "<group>"; };
		A968F5652181B32F00E28ED9 /* WormNode.swift */ = {isa = PBXFileReference; lastKnownFileType = sourcecode.swift; path = WormNode.swift; sourceTree = "<group>"; };
		A983E8C321BD62810076BB08 /* DeathMenuScene-iOS.sks */ = {isa = PBXFileReference; lastKnownFileType = file.sks; path = "DeathMenuScene-iOS.sks"; sourceTree = "<group>"; };
		A983E8C521BD62A20076BB08 /* DeathMenuScene-macOS.sks */ = {isa = PBXFileReference; lastKnownFileType = file.sks; path = "DeathMenuScene-macOS.sks"; sourceTree = "<group>"; };
		A98C44E5218756DC00E74C4E /* Assets.xcassets */ = {isa = PBXFileReference; lastKnownFileType = folder.assetcatalog; path = Assets.xcassets; sourceTree = "<group>"; };
		A98FA47721BE568E00235747 /* OverlayType.swift */ = {isa = PBXFileReference; lastKnownFileType = sourcecode.swift; path = OverlayType.swift; sourceTree = "<group>"; };
		A9923841218F6395008FD796 /* MainMenuScene-iOS.sks */ = {isa = PBXFileReference; lastKnownFileType = file.sks; path = "MainMenuScene-iOS.sks"; sourceTree = "<group>"; };
		A9923846218F6420008FD796 /* MainMenuScene.swift */ = {isa = PBXFileReference; lastKnownFileType = sourcecode.swift; path = MainMenuScene.swift; sourceTree = "<group>"; };
		A9A33ADD21845FD3003AC9A7 /* SpawnController.swift */ = {isa = PBXFileReference; lastKnownFileType = sourcecode.swift; path = SpawnController.swift; sourceTree = "<group>"; };
		A9BBF47021B5207B00D152A3 /* SceneOverlay.swift */ = {isa = PBXFileReference; lastKnownFileType = sourcecode.swift; path = SceneOverlay.swift; sourceTree = "<group>"; };
		A9BBF47321B54AB600D152A3 /* PauseMenuScene-macOS.sks */ = {isa = PBXFileReference; lastKnownFileType = file.sks; path = "PauseMenuScene-macOS.sks"; sourceTree = "<group>"; };
		A9BBF47621B54AC700D152A3 /* PauseMenuScene-iOS.sks */ = {isa = PBXFileReference; lastKnownFileType = file.sks; path = "PauseMenuScene-iOS.sks"; sourceTree = "<group>"; };
		A9BBF47921B6748A00D152A3 /* PauseTogglable.swift */ = {isa = PBXFileReference; lastKnownFileType = sourcecode.swift; path = PauseTogglable.swift; sourceTree = "<group>"; };
		A9BBF47B21B674D100D152A3 /* GameScene+macOS.swift */ = {isa = PBXFileReference; lastKnownFileType = sourcecode.swift; path = "GameScene+macOS.swift"; sourceTree = "<group>"; };
		A9BBF47E21B6750000D152A3 /* GameScene+iOS.swift */ = {isa = PBXFileReference; lastKnownFileType = sourcecode.swift; path = "GameScene+iOS.swift"; sourceTree = "<group>"; };
		A9BBF48921B6789600D152A3 /* ResultsMenuScene-macOS.sks */ = {isa = PBXFileReference; lastKnownFileType = file.sks; path = "ResultsMenuScene-macOS.sks"; sourceTree = "<group>"; };
		A9BBF48B21B6795400D152A3 /* ButtonIdentifier.swift */ = {isa = PBXFileReference; lastKnownFileType = sourcecode.swift; path = ButtonIdentifier.swift; sourceTree = "<group>"; };
		A9BBF48F21B6796B00D152A3 /* ControlInputDirection.swift */ = {isa = PBXFileReference; lastKnownFileType = sourcecode.swift; path = ControlInputDirection.swift; sourceTree = "<group>"; };
		A9DD68692180A6EB009866CB /* Actions.sks */ = {isa = PBXFileReference; lastKnownFileType = file.sks; path = Actions.sks; sourceTree = "<group>"; };
		A9DD686B2180A6EB009866CB /* GameScene.swift */ = {isa = PBXFileReference; lastKnownFileType = sourcecode.swift; path = GameScene.swift; sourceTree = "<group>"; };
		A9DD68712180A6ED009866CB /* hungry-wormy.app */ = {isa = PBXFileReference; explicitFileType = wrapper.application; includeInIndex = 0; path = "hungry-wormy.app"; sourceTree = BUILT_PRODUCTS_DIR; };
		A9DD68742180A6ED009866CB /* AppDelegate.swift */ = {isa = PBXFileReference; lastKnownFileType = sourcecode.swift; path = AppDelegate.swift; sourceTree = "<group>"; };
		A9DD68762180A6ED009866CB /* GameViewController.swift */ = {isa = PBXFileReference; lastKnownFileType = sourcecode.swift; path = GameViewController.swift; sourceTree = "<group>"; };
		A9DD68792180A6ED009866CB /* Base */ = {isa = PBXFileReference; lastKnownFileType = file.storyboard; name = Base; path = Base.lproj/Main.storyboard; sourceTree = "<group>"; };
		A9DD687C2180A6ED009866CB /* Base */ = {isa = PBXFileReference; lastKnownFileType = file.storyboard; name = Base; path = Base.lproj/LaunchScreen.storyboard; sourceTree = "<group>"; };
		A9DD687E2180A6ED009866CB /* Info.plist */ = {isa = PBXFileReference; lastKnownFileType = text.plist.xml; path = Info.plist; sourceTree = "<group>"; };
		A9DD68832180A6ED009866CB /* hungry-wormy.app */ = {isa = PBXFileReference; explicitFileType = wrapper.application; includeInIndex = 0; path = "hungry-wormy.app"; sourceTree = BUILT_PRODUCTS_DIR; };
		A9DD68852180A6ED009866CB /* AppDelegate.swift */ = {isa = PBXFileReference; lastKnownFileType = sourcecode.swift; path = AppDelegate.swift; sourceTree = "<group>"; };
		A9DD68872180A6ED009866CB /* GameViewController.swift */ = {isa = PBXFileReference; lastKnownFileType = sourcecode.swift; path = GameViewController.swift; sourceTree = "<group>"; };
		A9DD688A2180A6ED009866CB /* Base */ = {isa = PBXFileReference; lastKnownFileType = file.storyboard; name = Base; path = Base.lproj/Main.storyboard; sourceTree = "<group>"; };
		A9DD688C2180A6ED009866CB /* Info.plist */ = {isa = PBXFileReference; lastKnownFileType = text.plist.xml; path = Info.plist; sourceTree = "<group>"; };
		A9DD689D2180A71D009866CB /* .gitignore */ = {isa = PBXFileReference; lastKnownFileType = text; path = .gitignore; sourceTree = "<group>"; };
		A9DD68A12180A74F009866CB /* Direction.swift */ = {isa = PBXFileReference; lastKnownFileType = sourcecode.swift; path = Direction.swift; sourceTree = "<group>"; };
		A9DD68B02180AEF8009866CB /* Extensions.swift */ = {isa = PBXFileReference; lastKnownFileType = sourcecode.swift; path = Extensions.swift; sourceTree = "<group>"; };
		A9DE1DF9219F136400D83B84 /* Level-06-16x16.sks */ = {isa = PBXFileReference; lastKnownFileType = file.sks; path = "Level-06-16x16.sks"; sourceTree = "<group>"; };
		A9EED40C218339F600E48508 /* FoodNode.swift */ = {isa = PBXFileReference; lastKnownFileType = sourcecode.swift; path = FoodNode.swift; sourceTree = "<group>"; };
		A9EED4122183418300E48508 /* WormNodeFactory.swift */ = {isa = PBXFileReference; lastKnownFileType = sourcecode.swift; path = WormNodeFactory.swift; sourceTree = "<group>"; };
		A9EED4152183419800E48508 /* WormIncreaseLevel.swift */ = {isa = PBXFileReference; lastKnownFileType = sourcecode.swift; path = WormIncreaseLevel.swift; sourceTree = "<group>"; };
		A9EED418218341A700E48508 /* WormPartNode.swift */ = {isa = PBXFileReference; lastKnownFileType = sourcecode.swift; path = WormPartNode.swift; sourceTree = "<group>"; };
		A9EED41C218341BF00E48508 /* Updatable.swift */ = {isa = PBXFileReference; lastKnownFileType = sourcecode.swift; path = Updatable.swift; sourceTree = "<group>"; };
		A9EED41F218341D200E48508 /* PhysicsContactDelegate.swift */ = {isa = PBXFileReference; lastKnownFileType = sourcecode.swift; path = PhysicsContactDelegate.swift; sourceTree = "<group>"; };
		A9EED4232183420600E48508 /* FruitGenerator.swift */ = {isa = PBXFileReference; lastKnownFileType = sourcecode.swift; path = FruitGenerator.swift; sourceTree = "<group>"; };
		A9EED4262183423700E48508 /* FoodType.swift */ = {isa = PBXFileReference; lastKnownFileType = sourcecode.swift; path = FoodType.swift; sourceTree = "<group>"; };
		D7C6AB5C7B86320A7211FE59 /* Pods_hungry_wormy_macOS.framework */ = {isa = PBXFileReference; explicitFileType = wrapper.framework; includeInIndex = 0; path = Pods_hungry_wormy_macOS.framework; sourceTree = BUILT_PRODUCTS_DIR; };
/* End PBXFileReference section */

/* Begin PBXFrameworksBuildPhase section */
		A9DD686E2180A6ED009866CB /* Frameworks */ = {
			isa = PBXFrameworksBuildPhase;
			buildActionMask = 2147483647;
			files = (
				4170CA84C3564BFB54BD6837 /* Pods_hungry_wormy_iOS.framework in Frameworks */,
			);
			runOnlyForDeploymentPostprocessing = 0;
		};
		A9DD68802180A6ED009866CB /* Frameworks */ = {
			isa = PBXFrameworksBuildPhase;
			buildActionMask = 2147483647;
			files = (
				F7A327B2CC122517634F5A16 /* Pods_hungry_wormy_macOS.framework in Frameworks */,
			);
			runOnlyForDeploymentPostprocessing = 0;
		};
/* End PBXFrameworksBuildPhase section */

/* Begin PBXGroup section */
		49F1BE2728C9092DD419AF95 /* Pods */ = {
			isa = PBXGroup;
			children = (
				2BAF737C3B0E81328DF427EB /* Pods-hungry-wormy iOS.debug.xcconfig */,
				25D686F777ED710E7C3FF4D1 /* Pods-hungry-wormy iOS.release.xcconfig */,
				A48F6C93519411CB3286610E /* Pods-hungry-wormy macOS.debug.xcconfig */,
				76634EA3BCC813A5E2FB2057 /* Pods-hungry-wormy macOS.release.xcconfig */,
			);
			name = Pods;
			sourceTree = "<group>";
		};
		A902D6D5218D9C1600698AD4 /* Nodes */ = {
			isa = PBXGroup;
			children = (
				A94A980521A28F510087C018 /* ButtonNode */,
				A9EED40C218339F600E48508 /* FoodNode.swift */,
				A968F5652181B32F00E28ED9 /* WormNode.swift */,
				A9EED418218341A700E48508 /* WormPartNode.swift */,
				A916BE5721999A2C005B803C /* TimeBombNode.swift */,
				A910EA90219ACF5E007AD105 /* StarNode.swift */,
				A902D6E4218EFC0B00698AD4 /* SpinnerNode.swift */,
			);
			path = Nodes;
			sourceTree = "<group>";
		};
		A902D6DC218DB5E800698AD4 /* Levels */ = {
			isa = PBXGroup;
			children = (
				A928AD23218CAB6700D79D11 /* Level-01-16x16.sks */,
				A928AD20218CA89A00D79D11 /* Level-02-16x16.sks */,
				A902D6E1218ED52F00698AD4 /* Level-03-16x16.sks */,
				A916BE632199DFE9005B803C /* Level-04-16x16.sks */,
				A91920F9219DAA08008CAEAA /* Level-05-16x16.sks */,
				A9DE1DF9219F136400D83B84 /* Level-06-16x16.sks */,
			);
			path = Levels;
			sourceTree = "<group>";
		};
		A902D6DD218DB5F800698AD4 /* Scenes */ = {
			isa = PBXGroup;
			children = (
				A9BBF47821B6747800D152A3 /* Utils */,
				A9DD686B2180A6EB009866CB /* GameScene.swift */,
				A9BBF47E21B6750000D152A3 /* GameScene+iOS.swift */,
				A9BBF47B21B674D100D152A3 /* GameScene+macOS.swift */,
				A9923846218F6420008FD796 /* MainMenuScene.swift */,
				A9BBF47021B5207B00D152A3 /* SceneOverlay.swift */,
			);
			path = Scenes;
			sourceTree = "<group>";
		};
		A94A97F821A289480087C018 /* Scenes */ = {
			isa = PBXGroup;
			children = (
				A9BBF48821B6786800D152A3 /* Shared */,
				A9BBF48721B6785800D152A3 /* macOS */,
				A9BBF48621B6785300D152A3 /* iOS */,
			);
			path = Scenes;
			sourceTree = "<group>";
		};
		A94A97FA21A28A050087C018 /* Model */ = {
			isa = PBXGroup;
			children = (
				A968F56121819A0B00E28ED9 /* TileLevel.swift */,
				A9EED4262183423700E48508 /* FoodType.swift */,
				A9DD68A12180A74F009866CB /* Direction.swift */,
				A902D6DE218DB7F100698AD4 /* PhysicsTypes.swift */,
				A9EED4152183419800E48508 /* WormIncreaseLevel.swift */,
			);
			path = Model;
			sourceTree = "<group>";
		};
		A94A97FB21A28A150087C018 /* Generators & Factories */ = {
			isa = PBXGroup;
			children = (
				A9EED4122183418300E48508 /* WormNodeFactory.swift */,
				A9EED4232183420600E48508 /* FruitGenerator.swift */,
				A916BE5D2199AAC7005B803C /* TimeBombGenerator.swift */,
			);
			path = "Generators & Factories";
			sourceTree = "<group>";
		};
		A94A980521A28F510087C018 /* ButtonNode */ = {
			isa = PBXGroup;
			children = (
				A94A980221A28F1A0087C018 /* ButtonNodeResponderType.swift */,
				A94A980621A28F670087C018 /* ButtonNode.swift */,
				A9BBF48B21B6795400D152A3 /* ButtonIdentifier.swift */,
				A9BBF48F21B6796B00D152A3 /* ControlInputDirection.swift */,
			);
			path = ButtonNode;
			sourceTree = "<group>";
		};
		A9A33ADC21845F91003AC9A7 /* Controllers */ = {
			isa = PBXGroup;
			children = (
				A928AD1D218CA04A00D79D11 /* PhysicsContactController.swift */,
				A9A33ADD21845FD3003AC9A7 /* SpawnController.swift */,
			);
			path = Controllers;
			sourceTree = "<group>";
		};
		A9BBF47821B6747800D152A3 /* Utils */ = {
			isa = PBXGroup;
			children = (
				A9BBF47921B6748A00D152A3 /* PauseTogglable.swift */,
				A9498F8F21B9789F00D498ED /* Restarable.swift */,
				A94A97FC21A28CAD0087C018 /* RoutingUtilityScene.swift */,
				A94A97FF21A28CE90087C018 /* Scenes.swift */,
				A98FA47721BE568E00235747 /* OverlayType.swift */,
			);
			path = Utils;
			sourceTree = "<group>";
		};
		A9BBF48521B677DE00D152A3 /* Nodes */ = {
			isa = PBXGroup;
			children = (
				A910EA86219ACEBC007AD105 /* StarNode.sks */,
				A910EA89219ACEE1007AD105 /* HighlightedStarNode.sks */,
				A916BE5A21999A43005B803C /* TimeBombNode.sks */,
				A902D6D7218D9C3300698AD4 /* SpinnerNode.sks */,
			);
			path = Nodes;
			sourceTree = "<group>";
		};
		A9BBF48621B6785300D152A3 /* iOS */ = {
			isa = PBXGroup;
			children = (
				A9923841218F6395008FD796 /* MainMenuScene-iOS.sks */,
				A910EA82219AC830007AD105 /* ResultsMenuScene-iOS.sks */,
				A983E8C321BD62810076BB08 /* DeathMenuScene-iOS.sks */,
				A9BBF47621B54AC700D152A3 /* PauseMenuScene-iOS.sks */,
			);
			path = iOS;
			sourceTree = "<group>";
		};
		A9BBF48721B6785800D152A3 /* macOS */ = {
			isa = PBXGroup;
			children = (
				A910EA79219AB4DB007AD105 /* MainMenuScene-macOS.sks */,
				A9BBF48921B6789600D152A3 /* ResultsMenuScene-macOS.sks */,
				A983E8C521BD62A20076BB08 /* DeathMenuScene-macOS.sks */,
				A9BBF47321B54AB600D152A3 /* PauseMenuScene-macOS.sks */,
			);
			path = macOS;
			sourceTree = "<group>";
		};
		A9BBF48821B6786800D152A3 /* Shared */ = {
			isa = PBXGroup;
			children = (
				A910EA7C219AC65B007AD105 /* HUD.sks */,
			);
			path = Shared;
			sourceTree = "<group>";
		};
		A9DD68632180A6EB009866CB = {
			isa = PBXGroup;
			children = (
				A9DD689D2180A71D009866CB /* .gitignore */,
				A9DD68682180A6EB009866CB /* hungry-wormy Shared */,
				A9DD68732180A6ED009866CB /* hungry-wormy iOS */,
				A9DD68842180A6ED009866CB /* hungry-wormy macOS */,
				A9DD68722180A6ED009866CB /* Products */,
				49F1BE2728C9092DD419AF95 /* Pods */,
				B0BF08B92CF4100D8697B541 /* Frameworks */,
			);
			sourceTree = "<group>";
		};
		A9DD68682180A6EB009866CB /* hungry-wormy Shared */ = {
			isa = PBXGroup;
			children = (
				A94A97FB21A28A150087C018 /* Generators & Factories */,
				A94A97FA21A28A050087C018 /* Model */,
				A902D6DD218DB5F800698AD4 /* Scenes */,
				A902D6D5218D9C1600698AD4 /* Nodes */,
				A9A33ADC21845F91003AC9A7 /* Controllers */,
				A9EED42B2183429600E48508 /* Assets */,
				A9EED42A2183428600E48508 /* Helpers */,
				A9EED41B218341B400E48508 /* Protocols */,
			);
			path = "hungry-wormy Shared";
			sourceTree = "<group>";
		};
		A9DD68722180A6ED009866CB /* Products */ = {
			isa = PBXGroup;
			children = (
				A9DD68712180A6ED009866CB /* hungry-wormy.app */,
				A9DD68832180A6ED009866CB /* hungry-wormy.app */,
			);
			name = Products;
			sourceTree = "<group>";
		};
		A9DD68732180A6ED009866CB /* hungry-wormy iOS */ = {
			isa = PBXGroup;
			children = (
				A9DD68742180A6ED009866CB /* AppDelegate.swift */,
				A9DD68762180A6ED009866CB /* GameViewController.swift */,
				A9DD68782180A6ED009866CB /* Main.storyboard */,
				A9DD687B2180A6ED009866CB /* LaunchScreen.storyboard */,
				A9DD687E2180A6ED009866CB /* Info.plist */,
			);
			path = "hungry-wormy iOS";
			sourceTree = "<group>";
		};
		A9DD68842180A6ED009866CB /* hungry-wormy macOS */ = {
			isa = PBXGroup;
			children = (
				A9DD68852180A6ED009866CB /* AppDelegate.swift */,
				A9DD68872180A6ED009866CB /* GameViewController.swift */,
				A9DD68892180A6ED009866CB /* Main.storyboard */,
				A9DD688C2180A6ED009866CB /* Info.plist */,
			);
			path = "hungry-wormy macOS";
			sourceTree = "<group>";
		};
		A9EED41B218341B400E48508 /* Protocols */ = {
			isa = PBXGroup;
			children = (
				A9EED41C218341BF00E48508 /* Updatable.swift */,
				A9EED41F218341D200E48508 /* PhysicsContactDelegate.swift */,
			);
			path = Protocols;
			sourceTree = "<group>";
		};
		A9EED42A2183428600E48508 /* Helpers */ = {
			isa = PBXGroup;
			children = (
				A9DD68B02180AEF8009866CB /* Extensions.swift */,
			);
			path = Helpers;
			sourceTree = "<group>";
		};
		A9EED42B2183429600E48508 /* Assets */ = {
			isa = PBXGroup;
			children = (
				A9BBF48521B677DE00D152A3 /* Nodes */,
				A94A97F821A289480087C018 /* Scenes */,
				A9EED42D218342AE00E48508 /* Actions */,
				A902D6DC218DB5E800698AD4 /* Levels */,
				A98C44E5218756DC00E74C4E /* Assets.xcassets */,
				A968F55B2181936000E28ED9 /* TileSet.sks */,
			);
			path = Assets;
			sourceTree = "<group>";
		};
		A9EED42D218342AE00E48508 /* Actions */ = {
			isa = PBXGroup;
			children = (
				A9DD68692180A6EB009866CB /* Actions.sks */,
			);
			path = Actions;
			sourceTree = "<group>";
		};
		B0BF08B92CF4100D8697B541 /* Frameworks */ = {
			isa = PBXGroup;
			children = (
				8DCB21BB60AB9F2081590C86 /* Pods_hungry_wormy_iOS.framework */,
				D7C6AB5C7B86320A7211FE59 /* Pods_hungry_wormy_macOS.framework */,
			);
			name = Frameworks;
			sourceTree = "<group>";
		};
/* End PBXGroup section */

/* Begin PBXNativeTarget section */
		A9DD68702180A6ED009866CB /* hungry-wormy iOS */ = {
			isa = PBXNativeTarget;
			buildConfigurationList = A9DD68972180A6ED009866CB /* Build configuration list for PBXNativeTarget "hungry-wormy iOS" */;
			buildPhases = (
				843433328C21C927DCEBE783 /* [CP] Check Pods Manifest.lock */,
				A9DD686D2180A6ED009866CB /* Sources */,
				A9DD686E2180A6ED009866CB /* Frameworks */,
				A9DD686F2180A6ED009866CB /* Resources */,
				820413B4724BA70070B995F9 /* [CP] Embed Pods Frameworks */,
			);
			buildRules = (
			);
			dependencies = (
			);
			name = "hungry-wormy iOS";
			productName = "snake iOS";
			productReference = A9DD68712180A6ED009866CB /* hungry-wormy.app */;
			productType = "com.apple.product-type.application";
		};
		A9DD68822180A6ED009866CB /* hungry-wormy macOS */ = {
			isa = PBXNativeTarget;
			buildConfigurationList = A9DD689A2180A6ED009866CB /* Build configuration list for PBXNativeTarget "hungry-wormy macOS" */;
			buildPhases = (
				9502911EA160388700F443DF /* [CP] Check Pods Manifest.lock */,
				A9DD687F2180A6ED009866CB /* Sources */,
				A9DD68802180A6ED009866CB /* Frameworks */,
				A9DD68812180A6ED009866CB /* Resources */,
			);
			buildRules = (
			);
			dependencies = (
			);
			name = "hungry-wormy macOS";
			productName = "snake macOS";
			productReference = A9DD68832180A6ED009866CB /* hungry-wormy.app */;
			productType = "com.apple.product-type.application";
		};
/* End PBXNativeTarget section */

/* Begin PBXProject section */
		A9DD68642180A6EB009866CB /* Project object */ = {
			isa = PBXProject;
			attributes = {
				LastSwiftUpdateCheck = 1000;
				LastUpgradeCheck = 1000;
				ORGANIZATIONNAME = "Astemir Eleev";
				TargetAttributes = {
					A9DD68702180A6ED009866CB = {
						CreatedOnToolsVersion = 10.0;
					};
					A9DD68822180A6ED009866CB = {
						CreatedOnToolsVersion = 10.0;
					};
				};
			};
			buildConfigurationList = A9DD68672180A6EB009866CB /* Build configuration list for PBXProject "hungry-wormy" */;
			compatibilityVersion = "Xcode 9.3";
			developmentRegion = en;
			hasScannedForEncodings = 0;
			knownRegions = (
				en,
				Base,
			);
			mainGroup = A9DD68632180A6EB009866CB;
			productRefGroup = A9DD68722180A6ED009866CB /* Products */;
			projectDirPath = "";
			projectRoot = "";
			targets = (
				A9DD68702180A6ED009866CB /* hungry-wormy iOS */,
				A9DD68822180A6ED009866CB /* hungry-wormy macOS */,
			);
		};
/* End PBXProject section */

/* Begin PBXResourcesBuildPhase section */
		A9DD686F2180A6ED009866CB /* Resources */ = {
			isa = PBXResourcesBuildPhase;
			buildActionMask = 2147483647;
			files = (
				A928AD24218CAB6700D79D11 /* Level-01-16x16.sks in Resources */,
				A902D6E2218ED52F00698AD4 /* Level-03-16x16.sks in Resources */,
				A983E8C421BD62810076BB08 /* DeathMenuScene-iOS.sks in Resources */,
				A928AD21218CA89A00D79D11 /* Level-02-16x16.sks in Resources */,
				A910EA7D219AC65B007AD105 /* HUD.sks in Resources */,
				A9923842218F6395008FD796 /* MainMenuScene-iOS.sks in Resources */,
				A91920FA219DAA08008CAEAA /* Level-05-16x16.sks in Resources */,
				A910EA83219AC830007AD105 /* ResultsMenuScene-iOS.sks in Resources */,
				A9DD687A2180A6ED009866CB /* Main.storyboard in Resources */,
				A9DD688D2180A6ED009866CB /* Actions.sks in Resources */,
				A902D6D8218D9C3300698AD4 /* SpinnerNode.sks in Resources */,
				A9BBF47721B54AC700D152A3 /* PauseMenuScene-iOS.sks in Resources */,
				A916BE642199DFE9005B803C /* Level-04-16x16.sks in Resources */,
				A916BE5B21999A43005B803C /* TimeBombNode.sks in Resources */,
				A9DD687D2180A6ED009866CB /* LaunchScreen.storyboard in Resources */,
				A98C44E6218756DC00E74C4E /* Assets.xcassets in Resources */,
				A968F55D2181936000E28ED9 /* TileSet.sks in Resources */,
				A910EA8A219ACEE1007AD105 /* HighlightedStarNode.sks in Resources */,
				A910EA87219ACEBC007AD105 /* StarNode.sks in Resources */,
				A9DD689E2180A71D009866CB /* .gitignore in Resources */,
				A9DE1DFA219F136400D83B84 /* Level-06-16x16.sks in Resources */,
			);
			runOnlyForDeploymentPostprocessing = 0;
		};
		A9DD68812180A6ED009866CB /* Resources */ = {
			isa = PBXResourcesBuildPhase;
			buildActionMask = 2147483647;
			files = (
				A9DE1DFB219F136400D83B84 /* Level-06-16x16.sks in Resources */,
				A916BE5C21999A43005B803C /* TimeBombNode.sks in Resources */,
				A968F55E2181936000E28ED9 /* TileSet.sks in Resources */,
				A9BBF48A21B6789600D152A3 /* ResultsMenuScene-macOS.sks in Resources */,
				A910EA7E219AC65B007AD105 /* HUD.sks in Resources */,
				A9DD689F2180A71D009866CB /* .gitignore in Resources */,
				A910EA8B219ACEE1007AD105 /* HighlightedStarNode.sks in Resources */,
				A928AD25218CAB6700D79D11 /* Level-01-16x16.sks in Resources */,
				A9DD688B2180A6ED009866CB /* Main.storyboard in Resources */,
				A983E8C621BD62A20076BB08 /* DeathMenuScene-macOS.sks in Resources */,
				A928AD22218CA89A00D79D11 /* Level-02-16x16.sks in Resources */,
				A98C44E7218756DC00E74C4E /* Assets.xcassets in Resources */,
				A91920FB219DAA08008CAEAA /* Level-05-16x16.sks in Resources */,
				A902D6E3218ED52F00698AD4 /* Level-03-16x16.sks in Resources */,
				A910EA7A219AB4DB007AD105 /* MainMenuScene-macOS.sks in Resources */,
				A910EA88219ACEBC007AD105 /* StarNode.sks in Resources */,
				A916BE652199DFE9005B803C /* Level-04-16x16.sks in Resources */,
				A9BBF47521B54ABD00D152A3 /* PauseMenuScene-macOS.sks in Resources */,
				A9DD688E2180A6ED009866CB /* Actions.sks in Resources */,
				A902D6D9218D9C3300698AD4 /* SpinnerNode.sks in Resources */,
			);
			runOnlyForDeploymentPostprocessing = 0;
		};
/* End PBXResourcesBuildPhase section */

/* Begin PBXShellScriptBuildPhase section */
		820413B4724BA70070B995F9 /* [CP] Embed Pods Frameworks */ = {
			isa = PBXShellScriptBuildPhase;
			buildActionMask = 2147483647;
			files = (
			);
			inputFileListPaths = (
			);
			inputPaths = (
				"${SRCROOT}/Pods/Target Support Files/Pods-hungry-wormy iOS/Pods-hungry-wormy iOS-frameworks.sh",
				"${BUILT_PRODUCTS_DIR}/device-kit/device_kit.framework",
			);
			name = "[CP] Embed Pods Frameworks";
			outputFileListPaths = (
			);
			outputPaths = (
				"${TARGET_BUILD_DIR}/${FRAMEWORKS_FOLDER_PATH}/device_kit.framework",
			);
			runOnlyForDeploymentPostprocessing = 0;
			shellPath = /bin/sh;
			shellScript = "\"${SRCROOT}/Pods/Target Support Files/Pods-hungry-wormy iOS/Pods-hungry-wormy iOS-frameworks.sh\"\n";
			showEnvVarsInLog = 0;
		};
		843433328C21C927DCEBE783 /* [CP] Check Pods Manifest.lock */ = {
			isa = PBXShellScriptBuildPhase;
			buildActionMask = 2147483647;
			files = (
			);
			inputFileListPaths = (
			);
			inputPaths = (
				"${PODS_PODFILE_DIR_PATH}/Podfile.lock",
				"${PODS_ROOT}/Manifest.lock",
			);
			name = "[CP] Check Pods Manifest.lock";
			outputFileListPaths = (
			);
			outputPaths = (
				"$(DERIVED_FILE_DIR)/Pods-hungry-wormy iOS-checkManifestLockResult.txt",
			);
			runOnlyForDeploymentPostprocessing = 0;
			shellPath = /bin/sh;
			shellScript = "diff \"${PODS_PODFILE_DIR_PATH}/Podfile.lock\" \"${PODS_ROOT}/Manifest.lock\" > /dev/null\nif [ $? != 0 ] ; then\n    # print error to STDERR\n    echo \"error: The sandbox is not in sync with the Podfile.lock. Run 'pod install' or update your CocoaPods installation.\" >&2\n    exit 1\nfi\n# This output is used by Xcode 'outputs' to avoid re-running this script phase.\necho \"SUCCESS\" > \"${SCRIPT_OUTPUT_FILE_0}\"\n";
			showEnvVarsInLog = 0;
		};
		9502911EA160388700F443DF /* [CP] Check Pods Manifest.lock */ = {
			isa = PBXShellScriptBuildPhase;
			buildActionMask = 2147483647;
			files = (
			);
			inputFileListPaths = (
			);
			inputPaths = (
				"${PODS_PODFILE_DIR_PATH}/Podfile.lock",
				"${PODS_ROOT}/Manifest.lock",
			);
			name = "[CP] Check Pods Manifest.lock";
			outputFileListPaths = (
			);
			outputPaths = (
				"$(DERIVED_FILE_DIR)/Pods-hungry-wormy macOS-checkManifestLockResult.txt",
			);
			runOnlyForDeploymentPostprocessing = 0;
			shellPath = /bin/sh;
			shellScript = "diff \"${PODS_PODFILE_DIR_PATH}/Podfile.lock\" \"${PODS_ROOT}/Manifest.lock\" > /dev/null\nif [ $? != 0 ] ; then\n    # print error to STDERR\n    echo \"error: The sandbox is not in sync with the Podfile.lock. Run 'pod install' or update your CocoaPods installation.\" >&2\n    exit 1\nfi\n# This output is used by Xcode 'outputs' to avoid re-running this script phase.\necho \"SUCCESS\" > \"${SCRIPT_OUTPUT_FILE_0}\"\n";
			showEnvVarsInLog = 0;
		};
/* End PBXShellScriptBuildPhase section */

/* Begin PBXSourcesBuildPhase section */
		A9DD686D2180A6ED009866CB /* Sources */ = {
			isa = PBXSourcesBuildPhase;
			buildActionMask = 2147483647;
			files = (
				A928AD1E218CA04A00D79D11 /* PhysicsContactController.swift in Sources */,
				A9BBF47121B5207B00D152A3 /* SceneOverlay.swift in Sources */,
				A9BBF47F21B6750000D152A3 /* GameScene+iOS.swift in Sources */,
				A902D6E5218EFC0B00698AD4 /* SpinnerNode.swift in Sources */,
				A9EED4272183423700E48508 /* FoodType.swift in Sources */,
				A9EED40D218339F600E48508 /* FoodNode.swift in Sources */,
				A9EED4162183419800E48508 /* WormIncreaseLevel.swift in Sources */,
				A9BBF48C21B6795400D152A3 /* ButtonIdentifier.swift in Sources */,
				A9BBF49021B6796B00D152A3 /* ControlInputDirection.swift in Sources */,
				A9DD68B12180AEF8009866CB /* Extensions.swift in Sources */,
				A9DD68772180A6ED009866CB /* GameViewController.swift in Sources */,
				A9DD68752180A6ED009866CB /* AppDelegate.swift in Sources */,
				A94A980321A28F1A0087C018 /* ButtonNodeResponderType.swift in Sources */,
				A9A33ADE21845FD3003AC9A7 /* SpawnController.swift in Sources */,
				A9EED4132183418300E48508 /* WormNodeFactory.swift in Sources */,
				A968F5662181B32F00E28ED9 /* WormNode.swift in Sources */,
				A98FA47821BE568E00235747 /* OverlayType.swift in Sources */,
				A94A980721A28F670087C018 /* ButtonNode.swift in Sources */,
				A9923847218F6420008FD796 /* MainMenuScene.swift in Sources */,
				A94A97FD21A28CAD0087C018 /* RoutingUtilityScene.swift in Sources */,
				A9EED4242183420600E48508 /* FruitGenerator.swift in Sources */,
				A9BBF47A21B6748A00D152A3 /* PauseTogglable.swift in Sources */,
				A9EED41D218341BF00E48508 /* Updatable.swift in Sources */,
				A9EED420218341D200E48508 /* PhysicsContactDelegate.swift in Sources */,
				A9BBF48321B6759300D152A3 /* GameScene.swift in Sources */,
				A910EA91219ACF5E007AD105 /* StarNode.swift in Sources */,
				A9EED419218341A700E48508 /* WormPartNode.swift in Sources */,
				A902D6DF218DB7F100698AD4 /* PhysicsTypes.swift in Sources */,
				A968F56221819A0B00E28ED9 /* TileLevel.swift in Sources */,
				A9498F9021B9789F00D498ED /* Restarable.swift in Sources */,
				A94A980021A28CE90087C018 /* Scenes.swift in Sources */,
				A916BE5E2199AAC7005B803C /* TimeBombGenerator.swift in Sources */,
				A916BE5821999A2C005B803C /* TimeBombNode.swift in Sources */,
				A9DD68A22180A74F009866CB /* Direction.swift in Sources */,
			);
			runOnlyForDeploymentPostprocessing = 0;
		};
		A9DD687F2180A6ED009866CB /* Sources */ = {
			isa = PBXSourcesBuildPhase;
			buildActionMask = 2147483647;
			files = (
				A928AD1F218CA04A00D79D11 /* PhysicsContactController.swift in Sources */,
				A9BBF47221B5207E00D152A3 /* SceneOverlay.swift in Sources */,
				A902D6E6218EFC0B00698AD4 /* SpinnerNode.swift in Sources */,
				A9EED4282183423700E48508 /* FoodType.swift in Sources */,
				A9EED40E218339F600E48508 /* FoodNode.swift in Sources */,
				A9DD68922180A6ED009866CB /* GameScene.swift in Sources */,
				A9EED4172183419800E48508 /* WormIncreaseLevel.swift in Sources */,
				A9BBF48D21B6795400D152A3 /* ButtonIdentifier.swift in Sources */,
				A9BBF49121B6796B00D152A3 /* ControlInputDirection.swift in Sources */,
				A9DD68B22180AEF8009866CB /* Extensions.swift in Sources */,
				A9DD68882180A6ED009866CB /* GameViewController.swift in Sources */,
				A9DD68862180A6ED009866CB /* AppDelegate.swift in Sources */,
				A94A980421A28F1A0087C018 /* ButtonNodeResponderType.swift in Sources */,
				A9A33ADF21845FD3003AC9A7 /* SpawnController.swift in Sources */,
				A9EED4142183418300E48508 /* WormNodeFactory.swift in Sources */,
				A968F5672181B32F00E28ED9 /* WormNode.swift in Sources */,
				A98FA47921BE568E00235747 /* OverlayType.swift in Sources */,
				A94A980821A28F670087C018 /* ButtonNode.swift in Sources */,
				A9923848218F6420008FD796 /* MainMenuScene.swift in Sources */,
				A94A97FE21A28CAD0087C018 /* RoutingUtilityScene.swift in Sources */,
				A9EED4252183420600E48508 /* FruitGenerator.swift in Sources */,
				A9BBF47D21B674EB00D152A3 /* PauseTogglable.swift in Sources */,
				A9EED41E218341BF00E48508 /* Updatable.swift in Sources */,
				A9EED421218341D200E48508 /* PhysicsContactDelegate.swift in Sources */,
				A910EA92219ACF5E007AD105 /* StarNode.swift in Sources */,
				A9EED41A218341A700E48508 /* WormPartNode.swift in Sources */,
				A902D6E0218DB7F100698AD4 /* PhysicsTypes.swift in Sources */,
				A968F56321819A0B00E28ED9 /* TileLevel.swift in Sources */,
				A94A980121A28CE90087C018 /* Scenes.swift in Sources */,
				A9498F9121B978A200D498ED /* Restarable.swift in Sources */,
				A916BE5F2199AAC7005B803C /* TimeBombGenerator.swift in Sources */,
				A916BE5921999A31005B803C /* TimeBombNode.swift in Sources */,
				A9BBF48221B6752500D152A3 /* GameScene+macOS.swift in Sources */,
				A9DD68A32180A74F009866CB /* Direction.swift in Sources */,
			);
			runOnlyForDeploymentPostprocessing = 0;
		};
/* End PBXSourcesBuildPhase section */

/* Begin PBXVariantGroup section */
		A9DD68782180A6ED009866CB /* Main.storyboard */ = {
			isa = PBXVariantGroup;
			children = (
				A9DD68792180A6ED009866CB /* Base */,
			);
			name = Main.storyboard;
			sourceTree = "<group>";
		};
		A9DD687B2180A6ED009866CB /* LaunchScreen.storyboard */ = {
			isa = PBXVariantGroup;
			children = (
				A9DD687C2180A6ED009866CB /* Base */,
			);
			name = LaunchScreen.storyboard;
			sourceTree = "<group>";
		};
		A9DD68892180A6ED009866CB /* Main.storyboard */ = {
			isa = PBXVariantGroup;
			children = (
				A9DD688A2180A6ED009866CB /* Base */,
			);
			name = Main.storyboard;
			sourceTree = "<group>";
		};
/* End PBXVariantGroup section */

/* Begin XCBuildConfiguration section */
		A9DD68952180A6ED009866CB /* Debug */ = {
			isa = XCBuildConfiguration;
			buildSettings = {
				ALWAYS_SEARCH_USER_PATHS = NO;
				CLANG_ANALYZER_NONNULL = YES;
				CLANG_ANALYZER_NUMBER_OBJECT_CONVERSION = YES_AGGRESSIVE;
				CLANG_CXX_LANGUAGE_STANDARD = "gnu++14";
				CLANG_CXX_LIBRARY = "libc++";
				CLANG_ENABLE_MODULES = YES;
				CLANG_ENABLE_OBJC_ARC = YES;
				CLANG_ENABLE_OBJC_WEAK = YES;
				CLANG_WARN_BLOCK_CAPTURE_AUTORELEASING = YES;
				CLANG_WARN_BOOL_CONVERSION = YES;
				CLANG_WARN_COMMA = YES;
				CLANG_WARN_CONSTANT_CONVERSION = YES;
				CLANG_WARN_DEPRECATED_OBJC_IMPLEMENTATIONS = YES;
				CLANG_WARN_DIRECT_OBJC_ISA_USAGE = YES_ERROR;
				CLANG_WARN_DOCUMENTATION_COMMENTS = YES;
				CLANG_WARN_EMPTY_BODY = YES;
				CLANG_WARN_ENUM_CONVERSION = YES;
				CLANG_WARN_INFINITE_RECURSION = YES;
				CLANG_WARN_INT_CONVERSION = YES;
				CLANG_WARN_NON_LITERAL_NULL_CONVERSION = YES;
				CLANG_WARN_OBJC_IMPLICIT_RETAIN_SELF = YES;
				CLANG_WARN_OBJC_LITERAL_CONVERSION = YES;
				CLANG_WARN_OBJC_ROOT_CLASS = YES_ERROR;
				CLANG_WARN_RANGE_LOOP_ANALYSIS = YES;
				CLANG_WARN_STRICT_PROTOTYPES = YES;
				CLANG_WARN_SUSPICIOUS_MOVE = YES;
				CLANG_WARN_UNGUARDED_AVAILABILITY = YES_AGGRESSIVE;
				CLANG_WARN_UNREACHABLE_CODE = YES;
				CLANG_WARN__DUPLICATE_METHOD_MATCH = YES;
				COPY_PHASE_STRIP = NO;
				DEBUG_INFORMATION_FORMAT = dwarf;
				ENABLE_STRICT_OBJC_MSGSEND = YES;
				ENABLE_TESTABILITY = YES;
				GCC_C_LANGUAGE_STANDARD = gnu11;
				GCC_DYNAMIC_NO_PIC = NO;
				GCC_NO_COMMON_BLOCKS = YES;
				GCC_OPTIMIZATION_LEVEL = 0;
				GCC_PREPROCESSOR_DEFINITIONS = (
					"DEBUG=1",
					"$(inherited)",
				);
				GCC_WARN_64_TO_32_BIT_CONVERSION = YES;
				GCC_WARN_ABOUT_RETURN_TYPE = YES_ERROR;
				GCC_WARN_UNDECLARED_SELECTOR = YES;
				GCC_WARN_UNINITIALIZED_AUTOS = YES_AGGRESSIVE;
				GCC_WARN_UNUSED_FUNCTION = YES;
				GCC_WARN_UNUSED_VARIABLE = YES;
				MTL_ENABLE_DEBUG_INFO = INCLUDE_SOURCE;
				MTL_FAST_MATH = YES;
				ONLY_ACTIVE_ARCH = YES;
				SWIFT_ACTIVE_COMPILATION_CONDITIONS = DEBUG;
				SWIFT_OPTIMIZATION_LEVEL = "-Onone";
			};
			name = Debug;
		};
		A9DD68962180A6ED009866CB /* Release */ = {
			isa = XCBuildConfiguration;
			buildSettings = {
				ALWAYS_SEARCH_USER_PATHS = NO;
				CLANG_ANALYZER_NONNULL = YES;
				CLANG_ANALYZER_NUMBER_OBJECT_CONVERSION = YES_AGGRESSIVE;
				CLANG_CXX_LANGUAGE_STANDARD = "gnu++14";
				CLANG_CXX_LIBRARY = "libc++";
				CLANG_ENABLE_MODULES = YES;
				CLANG_ENABLE_OBJC_ARC = YES;
				CLANG_ENABLE_OBJC_WEAK = YES;
				CLANG_WARN_BLOCK_CAPTURE_AUTORELEASING = YES;
				CLANG_WARN_BOOL_CONVERSION = YES;
				CLANG_WARN_COMMA = YES;
				CLANG_WARN_CONSTANT_CONVERSION = YES;
				CLANG_WARN_DEPRECATED_OBJC_IMPLEMENTATIONS = YES;
				CLANG_WARN_DIRECT_OBJC_ISA_USAGE = YES_ERROR;
				CLANG_WARN_DOCUMENTATION_COMMENTS = YES;
				CLANG_WARN_EMPTY_BODY = YES;
				CLANG_WARN_ENUM_CONVERSION = YES;
				CLANG_WARN_INFINITE_RECURSION = YES;
				CLANG_WARN_INT_CONVERSION = YES;
				CLANG_WARN_NON_LITERAL_NULL_CONVERSION = YES;
				CLANG_WARN_OBJC_IMPLICIT_RETAIN_SELF = YES;
				CLANG_WARN_OBJC_LITERAL_CONVERSION = YES;
				CLANG_WARN_OBJC_ROOT_CLASS = YES_ERROR;
				CLANG_WARN_RANGE_LOOP_ANALYSIS = YES;
				CLANG_WARN_STRICT_PROTOTYPES = YES;
				CLANG_WARN_SUSPICIOUS_MOVE = YES;
				CLANG_WARN_UNGUARDED_AVAILABILITY = YES_AGGRESSIVE;
				CLANG_WARN_UNREACHABLE_CODE = YES;
				CLANG_WARN__DUPLICATE_METHOD_MATCH = YES;
				COPY_PHASE_STRIP = NO;
				DEBUG_INFORMATION_FORMAT = "dwarf-with-dsym";
				ENABLE_NS_ASSERTIONS = NO;
				ENABLE_STRICT_OBJC_MSGSEND = YES;
				GCC_C_LANGUAGE_STANDARD = gnu11;
				GCC_NO_COMMON_BLOCKS = YES;
				GCC_WARN_64_TO_32_BIT_CONVERSION = YES;
				GCC_WARN_ABOUT_RETURN_TYPE = YES_ERROR;
				GCC_WARN_UNDECLARED_SELECTOR = YES;
				GCC_WARN_UNINITIALIZED_AUTOS = YES_AGGRESSIVE;
				GCC_WARN_UNUSED_FUNCTION = YES;
				GCC_WARN_UNUSED_VARIABLE = YES;
				MTL_ENABLE_DEBUG_INFO = NO;
				MTL_FAST_MATH = YES;
				SWIFT_COMPILATION_MODE = wholemodule;
				SWIFT_OPTIMIZATION_LEVEL = "-O";
			};
			name = Release;
		};
		A9DD68982180A6ED009866CB /* Debug */ = {
			isa = XCBuildConfiguration;
			baseConfigurationReference = 2BAF737C3B0E81328DF427EB /* Pods-hungry-wormy iOS.debug.xcconfig */;
			buildSettings = {
				ASSETCATALOG_COMPILER_APPICON_NAME = "App-Icon";
				CODE_SIGN_IDENTITY = "iPhone Developer";
				CODE_SIGN_STYLE = Automatic;
				DEVELOPMENT_TEAM = 5W8256FV33;
				INFOPLIST_FILE = "$(SRCROOT)/hungry-wormy iOS/Info.plist";
				IPHONEOS_DEPLOYMENT_TARGET = 11.0;
				LD_RUNPATH_SEARCH_PATHS = (
					"$(inherited)",
					"@executable_path/Frameworks",
				);
				PRODUCT_BUNDLE_IDENTIFIER = "eleev.astemir.hungry-wormy";
				PRODUCT_NAME = "hungry-wormy";
				SDKROOT = iphoneos;
				SWIFT_VERSION = 4.2;
				TARGETED_DEVICE_FAMILY = "1,2";
			};
			name = Debug;
		};
		A9DD68992180A6ED009866CB /* Release */ = {
			isa = XCBuildConfiguration;
			baseConfigurationReference = 25D686F777ED710E7C3FF4D1 /* Pods-hungry-wormy iOS.release.xcconfig */;
			buildSettings = {
				ASSETCATALOG_COMPILER_APPICON_NAME = "App-Icon";
				CODE_SIGN_IDENTITY = "iPhone Developer";
				CODE_SIGN_STYLE = Automatic;
				DEVELOPMENT_TEAM = 5W8256FV33;
				INFOPLIST_FILE = "$(SRCROOT)/hungry-wormy iOS/Info.plist";
				IPHONEOS_DEPLOYMENT_TARGET = 11.0;
				LD_RUNPATH_SEARCH_PATHS = (
					"$(inherited)",
					"@executable_path/Frameworks",
				);
				PRODUCT_BUNDLE_IDENTIFIER = "eleev.astemir.hungry-wormy";
				PRODUCT_NAME = "hungry-wormy";
				SDKROOT = iphoneos;
				SWIFT_VERSION = 4.2;
				TARGETED_DEVICE_FAMILY = "1,2";
				VALIDATE_PRODUCT = YES;
			};
			name = Release;
		};
		A9DD689B2180A6ED009866CB /* Debug */ = {
			isa = XCBuildConfiguration;
			baseConfigurationReference = A48F6C93519411CB3286610E /* Pods-hungry-wormy macOS.debug.xcconfig */;
			buildSettings = {
				ASSETCATALOG_COMPILER_APPICON_NAME = "App-Icon";
				CODE_SIGN_IDENTITY = "-";
				CODE_SIGN_STYLE = Automatic;
				COMBINE_HIDPI_IMAGES = YES;
				INFOPLIST_FILE = "$(SRCROOT)/hungry-wormy macOS/Info.plist";
				LD_RUNPATH_SEARCH_PATHS = (
					"$(inherited)",
					"@executable_path/../Frameworks",
				);
				MACOSX_DEPLOYMENT_TARGET = 10.13;
				PRODUCT_BUNDLE_IDENTIFIER = "eleev.astemir.hungry-wormy";
				PRODUCT_NAME = "hungry-wormy";
				SDKROOT = macosx;
				SWIFT_VERSION = 4.2;
			};
			name = Debug;
		};
		A9DD689C2180A6ED009866CB /* Release */ = {
			isa = XCBuildConfiguration;
			baseConfigurationReference = 76634EA3BCC813A5E2FB2057 /* Pods-hungry-wormy macOS.release.xcconfig */;
			buildSettings = {
				ASSETCATALOG_COMPILER_APPICON_NAME = "App-Icon";
				CODE_SIGN_IDENTITY = "-";
				CODE_SIGN_STYLE = Automatic;
				COMBINE_HIDPI_IMAGES = YES;
				INFOPLIST_FILE = "$(SRCROOT)/hungry-wormy macOS/Info.plist";
				LD_RUNPATH_SEARCH_PATHS = (
					"$(inherited)",
					"@executable_path/../Frameworks",
				);
				MACOSX_DEPLOYMENT_TARGET = 10.13;
				PRODUCT_BUNDLE_IDENTIFIER = "eleev.astemir.hungry-wormy";
				PRODUCT_NAME = "hungry-wormy";
				SDKROOT = macosx;
				SWIFT_VERSION = 4.2;
			};
			name = Release;
		};
/* End XCBuildConfiguration section */

/* Begin XCConfigurationList section */
		A9DD68672180A6EB009866CB /* Build configuration list for PBXProject "hungry-wormy" */ = {
			isa = XCConfigurationList;
			buildConfigurations = (
				A9DD68952180A6ED009866CB /* Debug */,
				A9DD68962180A6ED009866CB /* Release */,
			);
			defaultConfigurationIsVisible = 0;
			defaultConfigurationName = Release;
		};
		A9DD68972180A6ED009866CB /* Build configuration list for PBXNativeTarget "hungry-wormy iOS" */ = {
			isa = XCConfigurationList;
			buildConfigurations = (
				A9DD68982180A6ED009866CB /* Debug */,
				A9DD68992180A6ED009866CB /* Release */,
			);
			defaultConfigurationIsVisible = 0;
			defaultConfigurationName = Release;
		};
		A9DD689A2180A6ED009866CB /* Build configuration list for PBXNativeTarget "hungry-wormy macOS" */ = {
			isa = XCConfigurationList;
			buildConfigurations = (
				A9DD689B2180A6ED009866CB /* Debug */,
				A9DD689C2180A6ED009866CB /* Release */,
			);
			defaultConfigurationIsVisible = 0;
			defaultConfigurationName = Release;
		};
/* End XCConfigurationList section */
	};
	rootObject = A9DD68642180A6EB009866CB /* Project object */;
}
